
Microsoft Visual Studio Solution File, Format Version 12.00
# Visual Studio 15
VisualStudioVersion = 15.0.28307.572
MinimumVisualStudioVersion = 10.0.40219.1
Project("{FAE04EC0-301F-11D3-BF4B-00C04F79EFBC}") = "HybridDistributedCache", "HybridDistributedCache\HybridDistributedCache.csproj", "{A2F8EE60-B9EE-487E-A4DB-C7ADFB0C57A5}"
EndProject
Global
	GlobalSection(SolutionConfigurationPlatforms) = preSolution
		Debug|Any CPU = Debug|Any CPU
		Release|Any CPU = Release|Any CPU
	EndGlobalSection
	GlobalSection(ProjectConfigurationPlatforms) = postSolution
		{A2F8EE60-B9EE-487E-A4DB-C7ADFB0C57A5}.Debug|Any CPU.ActiveCfg = Debug|Any CPU
		{A2F8EE60-B9EE-487E-A4DB-C7ADFB0C57A5}.Debug|Any CPU.Build.0 = Debug|Any CPU
		{A2F8EE60-B9EE-487E-A4DB-C7ADFB0C57A5}.Release|Any CPU.ActiveCfg = Release|Any CPU
		{A2F8EE60-B9EE-487E-A4DB-C7ADFB0C57A5}.Release|Any CPU.Build.0 = Release|Any CPU
	EndGlobalSection
	GlobalSection(SolutionProperties) = preSolution
		HideSolutionNode = FALSE
	EndGlobalSection
	GlobalSection(ExtensibilityGlobals) = postSolution
		SolutionGuid = {DF6E817D-0CD3-4400-BF06-969233AE3D1A}
	EndGlobalSection
EndGlobal
